// !$*UTF8*$!
{
	archiveVersion = 1;
	classes = {
	};
	objectVersion = 56;
	objects = {

/* Begin PBXBuildFile section */
		86FB44C229BE081C00839951 /* AppDelegate.m in Sources */ = {isa = PBXBuildFile; fileRef = 86FB44C129BE081C00839951 /* AppDelegate.m */; };
		86FB44CB29BE081C00839951 /* Main.storyboard in Resources */ = {isa = PBXBuildFile; fileRef = 86FB44C929BE081C00839951 /* Main.storyboard */; };
		86FB44CD29BE081D00839951 /* Assets.xcassets in Resources */ = {isa = PBXBuildFile; fileRef = 86FB44CC29BE081D00839951 /* Assets.xcassets */; };
		86FB44D029BE081D00839951 /* LaunchScreen.storyboard in Resources */ = {isa = PBXBuildFile; fileRef = 86FB44CE29BE081D00839951 /* LaunchScreen.storyboard */; };
		86FB44D329BE081D00839951 /* main.m in Sources */ = {isa = PBXBuildFile; fileRef = 86FB44D229BE081D00839951 /* main.m */; };
		86FB455129BE0A8300839951 /* CommandBarButton.m in Sources */ = {isa = PBXBuildFile; fileRef = 86FB454F29BE0A8300839951 /* CommandBarButton.m */; };
		86FB455429BE0A8F00839951 /* CommandSlider.m in Sources */ = {isa = PBXBuildFile; fileRef = 86FB455329BE0A8F00839951 /* CommandSlider.m */; };
		86FB455729BE0A9A00839951 /* NSMutableArray+Stack.m in Sources */ = {isa = PBXBuildFile; fileRef = 86FB455629BE0A9A00839951 /* NSMutableArray+Stack.m */; };
		86FB455A29BE0AA400839951 /* UIView+UIImage.m in Sources */ = {isa = PBXBuildFile; fileRef = 86FB455829BE0AA400839951 /* UIView+UIImage.m */; };
		86FB456829BE0AC400839951 /* DeleteScribbleCommand.m in Sources */ = {isa = PBXBuildFile; fileRef = 86FB455C29BE0AC300839951 /* DeleteScribbleCommand.m */; };
		86FB456929BE0AC400839951 /* SaveScribbleCommand.m in Sources */ = {isa = PBXBuildFile; fileRef = 86FB455D29BE0AC300839951 /* SaveScribbleCommand.m */; };
		86FB456A29BE0AC400839951 /* Command.m in Sources */ = {isa = PBXBuildFile; fileRef = 86FB456129BE0AC300839951 /* Command.m */; };
		86FB456B29BE0AC400839951 /* SetStrokeColorCommand.m in Sources */ = {isa = PBXBuildFile; fileRef = 86FB456229BE0AC300839951 /* SetStrokeColorCommand.m */; };
		86FB456C29BE0AC400839951 /* OpenScribbleCommand.m in Sources */ = {isa = PBXBuildFile; fileRef = 86FB456329BE0AC300839951 /* OpenScribbleCommand.m */; };
		86FB456D29BE0AC400839951 /* SetStrokeSizeCommand.m in Sources */ = {isa = PBXBuildFile; fileRef = 86FB456529BE0AC400839951 /* SetStrokeSizeCommand.m */; };
		86FB457129BE0AF200839951 /* CoordinatingController.m in Sources */ = {isa = PBXBuildFile; fileRef = 86FB457029BE0AF200839951 /* CoordinatingController.m */; };
		86FB457929BE0B0500839951 /* CanvasViewGenerator.m in Sources */ = {isa = PBXBuildFile; fileRef = 86FB457429BE0B0400839951 /* CanvasViewGenerator.m */; };
		86FB457A29BE0B0500839951 /* PaperCanvasViewGenerator.m in Sources */ = {isa = PBXBuildFile; fileRef = 86FB457729BE0B0500839951 /* PaperCanvasViewGenerator.m */; };
		86FB457B29BE0B0500839951 /* ClothCanvasViewGenerator.m in Sources */ = {isa = PBXBuildFile; fileRef = 86FB457829BE0B0500839951 /* ClothCanvasViewGenerator.m */; };
		86FB458029BE0B2300839951 /* MarkEnumerator.m in Sources */ = {isa = PBXBuildFile; fileRef = 86FB457D29BE0B2200839951 /* MarkEnumerator.m */; };
		86FB458529BE0B3700839951 /* MarkRenderer.m in Sources */ = {isa = PBXBuildFile; fileRef = 86FB458229BE0B3700839951 /* MarkRenderer.m */; };
		86FB459029BE0B5800839951 /* Vertex.m in Sources */ = {isa = PBXBuildFile; fileRef = 86FB458829BE0B5800839951 /* Vertex.m */; };
		86FB459129BE0B5800839951 /* Dot.m in Sources */ = {isa = PBXBuildFile; fileRef = 86FB458A29BE0B5800839951 /* Dot.m */; };
		86FB459229BE0B5800839951 /* PrototypeController.m in Sources */ = {isa = PBXBuildFile; fileRef = 86FB458B29BE0B5800839951 /* PrototypeController.m */; };
		86FB459329BE0B5800839951 /* Stroke.m in Sources */ = {isa = PBXBuildFile; fileRef = 86FB458E29BE0B5800839951 /* Stroke.m */; };
		86FB459A29BE0B7100839951 /* ScribbleThumbnailView.m in Sources */ = {isa = PBXBuildFile; fileRef = 86FB459529BE0B7100839951 /* ScribbleThumbnailView.m */; };
		86FB459B29BE0B7100839951 /* ScribbleThumbnailViewImageProxy.m in Sources */ = {isa = PBXBuildFile; fileRef = 86FB459829BE0B7100839951 /* ScribbleThumbnailViewImageProxy.m */; };
		86FB45A429BE0B8700839951 /* ScribbleMemento.m in Sources */ = {isa = PBXBuildFile; fileRef = 86FB459D29BE0B8700839951 /* ScribbleMemento.m */; };
		86FB45A529BE0B8700839951 /* ScribbleManager.m in Sources */ = {isa = PBXBuildFile; fileRef = 86FB459E29BE0B8700839951 /* ScribbleManager.m */; };
		86FB45A629BE0B8700839951 /* Scribble.m in Sources */ = {isa = PBXBuildFile; fileRef = 86FB45A229BE0B8700839951 /* Scribble.m */; };
		86FB45AE29BE0B9D00839951 /* CanvasView.m in Sources */ = {isa = PBXBuildFile; fileRef = 86FB45A929BE0B9D00839951 /* CanvasView.m */; };
		86FB45AF29BE0B9D00839951 /* ClothCanvasView.m in Sources */ = {isa = PBXBuildFile; fileRef = 86FB45AC29BE0B9D00839951 /* ClothCanvasView.m */; };
		86FB45B029BE0B9D00839951 /* PaperCanvasView.m in Sources */ = {isa = PBXBuildFile; fileRef = 86FB45AD29BE0B9D00839951 /* PaperCanvasView.m */; };
		86FB45B929BE0C0700839951 /* CanvasViewController.m in Sources */ = {isa = PBXBuildFile; fileRef = 86FB45B729BE0C0700839951 /* CanvasViewController.m */; };
		86FB45C329BE0C4800839951 /* ThumbnailViewController.xib in Resources */ = {isa = PBXBuildFile; fileRef = 86FB45C029BE0C4800839951 /* ThumbnailViewController.xib */; };
		86FB45C429BE0C4800839951 /* ThumbnailViewController.m in Sources */ = {isa = PBXBuildFile; fileRef = 86FB45C129BE0C4800839951 /* ThumbnailViewController.m */; };
		86FB45C829BE0C5200839951 /* PaletteViewController.m in Sources */ = {isa = PBXBuildFile; fileRef = 86FB45C529BE0C5200839951 /* PaletteViewController.m */; };
		86FB45C929BE0C5200839951 /* PaletteViewController.xib in Resources */ = {isa = PBXBuildFile; fileRef = 86FB45C629BE0C5200839951 /* PaletteViewController.xib */; };
		86FB45CC29BE0DB900839951 /* ScribbleThumbnailCell.m in Sources */ = {isa = PBXBuildFile; fileRef = 86FB45CA29BE0DB900839951 /* ScribbleThumbnailCell.m */; };
		86FB45D029BE1A9C00839951 /* CanvasViewController.xib in Resources */ = {isa = PBXBuildFile; fileRef = 86FB45CF29BE1A9C00839951 /* CanvasViewController.xib */; };
/* End PBXBuildFile section */

/* Begin PBXFileReference section */
		86FB44BD29BE081C00839951 /* TouchPainter-Arc.app */ = {isa = PBXFileReference; explicitFileType = wrapper.application; includeInIndex = 0; path = "TouchPainter-Arc.app"; sourceTree = BUILT_PRODUCTS_DIR; };
		86FB44C029BE081C00839951 /* AppDelegate.h */ = {isa = PBXFileReference; lastKnownFileType = sourcecode.c.h; path = AppDelegate.h; sourceTree = "<group>"; };
		86FB44C129BE081C00839951 /* AppDelegate.m */ = {isa = PBXFileReference; lastKnownFileType = sourcecode.c.objc; path = AppDelegate.m; sourceTree = "<group>"; };
		86FB44CA29BE081C00839951 /* Base */ = {isa = PBXFileReference; lastKnownFileType = file.storyboard; name = Base; path = Base.lproj/Main.storyboard; sourceTree = "<group>"; };
		86FB44CC29BE081D00839951 /* Assets.xcassets */ = {isa = PBXFileReference; lastKnownFileType = folder.assetcatalog; path = Assets.xcassets; sourceTree = "<group>"; };
		86FB44CF29BE081D00839951 /* Base */ = {isa = PBXFileReference; lastKnownFileType = file.storyboard; name = Base; path = Base.lproj/LaunchScreen.storyboard; sourceTree = "<group>"; };
		86FB44D129BE081D00839951 /* Info.plist */ = {isa = PBXFileReference; lastKnownFileType = text.plist.xml; path = Info.plist; sourceTree = "<group>"; };
		86FB44D229BE081D00839951 /* main.m */ = {isa = PBXFileReference; lastKnownFileType = sourcecode.c.objc; path = main.m; sourceTree = "<group>"; };
		86FB454F29BE0A8300839951 /* CommandBarButton.m */ = {isa = PBXFileReference; fileEncoding = 4; lastKnownFileType = sourcecode.c.objc; path = CommandBarButton.m; sourceTree = "<group>"; };
		86FB455029BE0A8300839951 /* CommandBarButton.h */ = {isa = PBXFileReference; fileEncoding = 4; lastKnownFileType = sourcecode.c.h; path = CommandBarButton.h; sourceTree = "<group>"; };
		86FB455229BE0A8F00839951 /* CommandSlider.h */ = {isa = PBXFileReference; fileEncoding = 4; lastKnownFileType = sourcecode.c.h; path = CommandSlider.h; sourceTree = "<group>"; };
		86FB455329BE0A8F00839951 /* CommandSlider.m */ = {isa = PBXFileReference; fileEncoding = 4; lastKnownFileType = sourcecode.c.objc; path = CommandSlider.m; sourceTree = "<group>"; };
		86FB455529BE0A9A00839951 /* NSMutableArray+Stack.h */ = {isa = PBXFileReference; fileEncoding = 4; lastKnownFileType = sourcecode.c.h; path = "NSMutableArray+Stack.h"; sourceTree = "<group>"; };
		86FB455629BE0A9A00839951 /* NSMutableArray+Stack.m */ = {isa = PBXFileReference; fileEncoding = 4; lastKnownFileType = sourcecode.c.objc; path = "NSMutableArray+Stack.m"; sourceTree = "<group>"; };
		86FB455829BE0AA400839951 /* UIView+UIImage.m */ = {isa = PBXFileReference; fileEncoding = 4; lastKnownFileType = sourcecode.c.objc; path = "UIView+UIImage.m"; sourceTree = "<group>"; };
		86FB455929BE0AA400839951 /* UIView+UIImage.h */ = {isa = PBXFileReference; fileEncoding = 4; lastKnownFileType = sourcecode.c.h; path = "UIView+UIImage.h"; sourceTree = "<group>"; };
		86FB455C29BE0AC300839951 /* DeleteScribbleCommand.m */ = {isa = PBXFileReference; fileEncoding = 4; lastKnownFileType = sourcecode.c.objc; path = DeleteScribbleCommand.m; sourceTree = "<group>"; };
		86FB455D29BE0AC300839951 /* SaveScribbleCommand.m */ = {isa = PBXFileReference; fileEncoding = 4; lastKnownFileType = sourcecode.c.objc; path = SaveScribbleCommand.m; sourceTree = "<group>"; };
		86FB455E29BE0AC300839951 /* Command.h */ = {isa = PBXFileReference; fileEncoding = 4; lastKnownFileType = sourcecode.c.h; path = Command.h; sourceTree = "<group>"; };
		86FB455F29BE0AC300839951 /* SaveScribbleCommand.h */ = {isa = PBXFileReference; fileEncoding = 4; lastKnownFileType = sourcecode.c.h; path = SaveScribbleCommand.h; sourceTree = "<group>"; };
		86FB456029BE0AC300839951 /* OpenScribbleCommand.h */ = {isa = PBXFileReference; fileEncoding = 4; lastKnownFileType = sourcecode.c.h; path = OpenScribbleCommand.h; sourceTree = "<group>"; };
		86FB456129BE0AC300839951 /* Command.m */ = {isa = PBXFileReference; fileEncoding = 4; lastKnownFileType = sourcecode.c.objc; path = Command.m; sourceTree = "<group>"; };
		86FB456229BE0AC300839951 /* SetStrokeColorCommand.m */ = {isa = PBXFileReference; fileEncoding = 4; lastKnownFileType = sourcecode.c.objc; path = SetStrokeColorCommand.m; sourceTree = "<group>"; };
		86FB456329BE0AC300839951 /* OpenScribbleCommand.m */ = {isa = PBXFileReference; fileEncoding = 4; lastKnownFileType = sourcecode.c.objc; path = OpenScribbleCommand.m; sourceTree = "<group>"; };
		86FB456429BE0AC300839951 /* SetStrokeSizeCommand.h */ = {isa = PBXFileReference; fileEncoding = 4; lastKnownFileType = sourcecode.c.h; path = SetStrokeSizeCommand.h; sourceTree = "<group>"; };
		86FB456529BE0AC400839951 /* SetStrokeSizeCommand.m */ = {isa = PBXFileReference; fileEncoding = 4; lastKnownFileType = sourcecode.c.objc; path = SetStrokeSizeCommand.m; sourceTree = "<group>"; };
		86FB456629BE0AC400839951 /* SetStrokeColorCommand.h */ = {isa = PBXFileReference; fileEncoding = 4; lastKnownFileType = sourcecode.c.h; path = SetStrokeColorCommand.h; sourceTree = "<group>"; };
		86FB456729BE0AC400839951 /* DeleteScribbleCommand.h */ = {isa = PBXFileReference; fileEncoding = 4; lastKnownFileType = sourcecode.c.h; path = DeleteScribbleCommand.h; sourceTree = "<group>"; };
		86FB456F29BE0AF200839951 /* CoordinatingController.h */ = {isa = PBXFileReference; fileEncoding = 4; lastKnownFileType = sourcecode.c.h; path = CoordinatingController.h; sourceTree = "<group>"; };
		86FB457029BE0AF200839951 /* CoordinatingController.m */ = {isa = PBXFileReference; fileEncoding = 4; lastKnownFileType = sourcecode.c.objc; path = CoordinatingController.m; sourceTree = "<group>"; };
		86FB457329BE0B0400839951 /* ClothCanvasViewGenerator.h */ = {isa = PBXFileReference; fileEncoding = 4; lastKnownFileType = sourcecode.c.h; path = ClothCanvasViewGenerator.h; sourceTree = "<group>"; };
		86FB457429BE0B0400839951 /* CanvasViewGenerator.m */ = {isa = PBXFileReference; fileEncoding = 4; lastKnownFileType = sourcecode.c.objc; path = CanvasViewGenerator.m; sourceTree = "<group>"; };
		86FB457529BE0B0400839951 /* PaperCanvasViewGenerator.h */ = {isa = PBXFileReference; fileEncoding = 4; lastKnownFileType = sourcecode.c.h; path = PaperCanvasViewGenerator.h; sourceTree = "<group>"; };
		86FB457629BE0B0400839951 /* CanvasViewGenerator.h */ = {isa = PBXFileReference; fileEncoding = 4; lastKnownFileType = sourcecode.c.h; path = CanvasViewGenerator.h; sourceTree = "<group>"; };
		86FB457729BE0B0500839951 /* PaperCanvasViewGenerator.m */ = {isa = PBXFileReference; fileEncoding = 4; lastKnownFileType = sourcecode.c.objc; path = PaperCanvasViewGenerator.m; sourceTree = "<group>"; };
		86FB457829BE0B0500839951 /* ClothCanvasViewGenerator.m */ = {isa = PBXFileReference; fileEncoding = 4; lastKnownFileType = sourcecode.c.objc; path = ClothCanvasViewGenerator.m; sourceTree = "<group>"; };
		86FB457D29BE0B2200839951 /* MarkEnumerator.m */ = {isa = PBXFileReference; fileEncoding = 4; lastKnownFileType = sourcecode.c.objc; path = MarkEnumerator.m; sourceTree = "<group>"; };
		86FB457E29BE0B2300839951 /* MarkEnumerator+Internal.h */ = {isa = PBXFileReference; fileEncoding = 4; lastKnownFileType = sourcecode.c.h; path = "MarkEnumerator+Internal.h"; sourceTree = "<group>"; };
		86FB457F29BE0B2300839951 /* MarkEnumerator.h */ = {isa = PBXFileReference; fileEncoding = 4; lastKnownFileType = sourcecode.c.h; path = MarkEnumerator.h; sourceTree = "<group>"; };
		86FB458229BE0B3700839951 /* MarkRenderer.m */ = {isa = PBXFileReference; fileEncoding = 4; lastKnownFileType = sourcecode.c.objc; path = MarkRenderer.m; sourceTree = "<group>"; };
		86FB458329BE0B3700839951 /* MarkVisitor.h */ = {isa = PBXFileReference; fileEncoding = 4; lastKnownFileType = sourcecode.c.h; path = MarkVisitor.h; sourceTree = "<group>"; };
		86FB458429BE0B3700839951 /* MarkRenderer.h */ = {isa = PBXFileReference; fileEncoding = 4; lastKnownFileType = sourcecode.c.h; path = MarkRenderer.h; sourceTree = "<group>"; };
		86FB458729BE0B5800839951 /* Dot.h */ = {isa = PBXFileReference; fileEncoding = 4; lastKnownFileType = sourcecode.c.h; path = Dot.h; sourceTree = "<group>"; };
		86FB458829BE0B5800839951 /* Vertex.m */ = {isa = PBXFileReference; fileEncoding = 4; lastKnownFileType = sourcecode.c.objc; path = Vertex.m; sourceTree = "<group>"; };
		86FB458929BE0B5800839951 /* Stroke.h */ = {isa = PBXFileReference; fileEncoding = 4; lastKnownFileType = sourcecode.c.h; path = Stroke.h; sourceTree = "<group>"; };
		86FB458A29BE0B5800839951 /* Dot.m */ = {isa = PBXFileReference; fileEncoding = 4; lastKnownFileType = sourcecode.c.objc; path = Dot.m; sourceTree = "<group>"; };
		86FB458B29BE0B5800839951 /* PrototypeController.m */ = {isa = PBXFileReference; fileEncoding = 4; lastKnownFileType = sourcecode.c.objc; path = PrototypeController.m; sourceTree = "<group>"; };
		86FB458C29BE0B5800839951 /* PrototypeController.h */ = {isa = PBXFileReference; fileEncoding = 4; lastKnownFileType = sourcecode.c.h; path = PrototypeController.h; sourceTree = "<group>"; };
		86FB458D29BE0B5800839951 /* Vertex.h */ = {isa = PBXFileReference; fileEncoding = 4; lastKnownFileType = sourcecode.c.h; path = Vertex.h; sourceTree = "<group>"; };
		86FB458E29BE0B5800839951 /* Stroke.m */ = {isa = PBXFileReference; fileEncoding = 4; lastKnownFileType = sourcecode.c.objc; path = Stroke.m; sourceTree = "<group>"; };
		86FB458F29BE0B5800839951 /* Mark.h */ = {isa = PBXFileReference; fileEncoding = 4; lastKnownFileType = sourcecode.c.h; path = Mark.h; sourceTree = "<group>"; };
		86FB459529BE0B7100839951 /* ScribbleThumbnailView.m */ = {isa = PBXFileReference; fileEncoding = 4; lastKnownFileType = sourcecode.c.objc; path = ScribbleThumbnailView.m; sourceTree = "<group>"; };
		86FB459629BE0B7100839951 /* ScribbleSource.h */ = {isa = PBXFileReference; fileEncoding = 4; lastKnownFileType = sourcecode.c.h; path = ScribbleSource.h; sourceTree = "<group>"; };
		86FB459729BE0B7100839951 /* ScribbleThumbnailViewImageProxy.h */ = {isa = PBXFileReference; fileEncoding = 4; lastKnownFileType = sourcecode.c.h; path = ScribbleThumbnailViewImageProxy.h; sourceTree = "<group>"; };
		86FB459829BE0B7100839951 /* ScribbleThumbnailViewImageProxy.m */ = {isa = PBXFileReference; fileEncoding = 4; lastKnownFileType = sourcecode.c.objc; path = ScribbleThumbnailViewImageProxy.m; sourceTree = "<group>"; };
		86FB459929BE0B7100839951 /* ScribbleThumbnailView.h */ = {isa = PBXFileReference; fileEncoding = 4; lastKnownFileType = sourcecode.c.h; path = ScribbleThumbnailView.h; sourceTree = "<group>"; };
		86FB459D29BE0B8700839951 /* ScribbleMemento.m */ = {isa = PBXFileReference; fileEncoding = 4; lastKnownFileType = sourcecode.c.objc; path = ScribbleMemento.m; sourceTree = "<group>"; };
		86FB459E29BE0B8700839951 /* ScribbleManager.m */ = {isa = PBXFileReference; fileEncoding = 4; lastKnownFileType = sourcecode.c.objc; path = ScribbleManager.m; sourceTree = "<group>"; };
		86FB459F29BE0B8700839951 /* ScribbleMemento+Friend.h */ = {isa = PBXFileReference; fileEncoding = 4; lastKnownFileType = sourcecode.c.h; path = "ScribbleMemento+Friend.h"; sourceTree = "<group>"; };
		86FB45A029BE0B8700839951 /* ScribbleManager.h */ = {isa = PBXFileReference; fileEncoding = 4; lastKnownFileType = sourcecode.c.h; path = ScribbleManager.h; sourceTree = "<group>"; };
		86FB45A129BE0B8700839951 /* ScribbleMemento.h */ = {isa = PBXFileReference; fileEncoding = 4; lastKnownFileType = sourcecode.c.h; path = ScribbleMemento.h; sourceTree = "<group>"; };
		86FB45A229BE0B8700839951 /* Scribble.m */ = {isa = PBXFileReference; fileEncoding = 4; lastKnownFileType = sourcecode.c.objc; path = Scribble.m; sourceTree = "<group>"; };
		86FB45A329BE0B8700839951 /* Scribble.h */ = {isa = PBXFileReference; fileEncoding = 4; lastKnownFileType = sourcecode.c.h; path = Scribble.h; sourceTree = "<group>"; };
		86FB45A829BE0B9D00839951 /* ClothCanvasView.h */ = {isa = PBXFileReference; fileEncoding = 4; lastKnownFileType = sourcecode.c.h; path = ClothCanvasView.h; sourceTree = "<group>"; };
		86FB45A929BE0B9D00839951 /* CanvasView.m */ = {isa = PBXFileReference; fileEncoding = 4; lastKnownFileType = sourcecode.c.objc; path = CanvasView.m; sourceTree = "<group>"; };
		86FB45AA29BE0B9D00839951 /* PaperCanvasView.h */ = {isa = PBXFileReference; fileEncoding = 4; lastKnownFileType = sourcecode.c.h; path = PaperCanvasView.h; sourceTree = "<group>"; };
		86FB45AB29BE0B9D00839951 /* CanvasView.h */ = {isa = PBXFileReference; fileEncoding = 4; lastKnownFileType = sourcecode.c.h; path = CanvasView.h; sourceTree = "<group>"; };
		86FB45AC29BE0B9D00839951 /* ClothCanvasView.m */ = {isa = PBXFileReference; fileEncoding = 4; lastKnownFileType = sourcecode.c.objc; path = ClothCanvasView.m; sourceTree = "<group>"; };
		86FB45AD29BE0B9D00839951 /* PaperCanvasView.m */ = {isa = PBXFileReference; fileEncoding = 4; lastKnownFileType = sourcecode.c.objc; path = PaperCanvasView.m; sourceTree = "<group>"; };
		86FB45B529BE0C0700839951 /* CanvasViewController.h */ = {isa = PBXFileReference; fileEncoding = 4; lastKnownFileType = sourcecode.c.h; path = CanvasViewController.h; sourceTree = "<group>"; };
		86FB45B729BE0C0700839951 /* CanvasViewController.m */ = {isa = PBXFileReference; fileEncoding = 4; lastKnownFileType = sourcecode.c.objc; path = CanvasViewController.m; sourceTree = "<group>"; };
		86FB45C029BE0C4800839951 /* ThumbnailViewController.xib */ = {isa = PBXFileReference; fileEncoding = 4; lastKnownFileType = file.xib; path = ThumbnailViewController.xib; sourceTree = "<group>"; };
		86FB45C129BE0C4800839951 /* ThumbnailViewController.m */ = {isa = PBXFileReference; fileEncoding = 4; lastKnownFileType = sourcecode.c.objc; path = ThumbnailViewController.m; sourceTree = "<group>"; };
		86FB45C229BE0C4800839951 /* ThumbnailViewController.h */ = {isa = PBXFileReference; fileEncoding = 4; lastKnownFileType = sourcecode.c.h; path = ThumbnailViewController.h; sourceTree = "<group>"; };
		86FB45C529BE0C5200839951 /* PaletteViewController.m */ = {isa = PBXFileReference; fileEncoding = 4; lastKnownFileType = sourcecode.c.objc; path = PaletteViewController.m; sourceTree = "<group>"; };
		86FB45C629BE0C5200839951 /* PaletteViewController.xib */ = {isa = PBXFileReference; fileEncoding = 4; lastKnownFileType = file.xib; path = PaletteViewController.xib; sourceTree = "<group>"; };
		86FB45C729BE0C5200839951 /* PaletteViewController.h */ = {isa = PBXFileReference; fileEncoding = 4; lastKnownFileType = sourcecode.c.h; path = PaletteViewController.h; sourceTree = "<group>"; };
		86FB45CA29BE0DB900839951 /* ScribbleThumbnailCell.m */ = {isa = PBXFileReference; fileEncoding = 4; lastKnownFileType = sourcecode.c.objc; path = ScribbleThumbnailCell.m; sourceTree = "<group>"; };
		86FB45CB29BE0DB900839951 /* ScribbleThumbnailCell.h */ = {isa = PBXFileReference; fileEncoding = 4; lastKnownFileType = sourcecode.c.h; path = ScribbleThumbnailCell.h; sourceTree = "<group>"; };
		86FB45CF29BE1A9C00839951 /* CanvasViewController.xib */ = {isa = PBXFileReference; lastKnownFileType = file.xib; path = CanvasViewController.xib; sourceTree = "<group>"; };
/* End PBXFileReference section */

/* Begin PBXFrameworksBuildPhase section */
		86FB44BA29BE081C00839951 /* Frameworks */ = {
			isa = PBXFrameworksBuildPhase;
			buildActionMask = 2147483647;
			files = (
			);
			runOnlyForDeploymentPostprocessing = 0;
		};
/* End PBXFrameworksBuildPhase section */

/* Begin PBXGroup section */
		86FB44B429BE081C00839951 = {
			isa = PBXGroup;
			children = (
				86FB44BF29BE081C00839951 /* TouchPainter-Arc */,
				86FB44BE29BE081C00839951 /* Products */,
			);
			sourceTree = "<group>";
		};
		86FB44BE29BE081C00839951 /* Products */ = {
			isa = PBXGroup;
			children = (
				86FB44BD29BE081C00839951 /* TouchPainter-Arc.app */,
			);
			name = Products;
			sourceTree = "<group>";
		};
		86FB44BF29BE081C00839951 /* TouchPainter-Arc */ = {
			isa = PBXGroup;
			children = (
				86FB454929BE0A1400839951 /* Classes */,
				86FB44C029BE081C00839951 /* AppDelegate.h */,
				86FB44C129BE081C00839951 /* AppDelegate.m */,
				86FB44C929BE081C00839951 /* Main.storyboard */,
				86FB44CC29BE081D00839951 /* Assets.xcassets */,
				86FB44CE29BE081D00839951 /* LaunchScreen.storyboard */,
				86FB44D129BE081D00839951 /* Info.plist */,
				86FB44D229BE081D00839951 /* main.m */,
			);
			path = "TouchPainter-Arc";
			sourceTree = "<group>";
		};
		86FB454929BE0A1400839951 /* Classes */ = {
			isa = PBXGroup;
			children = (
				86FB45B129BE0BA300839951 /* View Controllers */,
				86FB45A729BE0B9200839951 /* Views */,
				86FB459C29BE0B7A00839951 /* Memento Observer */,
				86FB459429BE0B6500839951 /* Proxy */,
				86FB458629BE0B4B00839951 /* Composite Prototype Iterator */,
				86FB458129BE0B2B00839951 /* Visitor */,
				86FB457C29BE0B1A00839951 /* Iterator */,
				86FB457229BE0AFD00839951 /* Factory Method */,
				86FB456E29BE0ACE00839951 /* Mediator */,
				86FB454A29BE0A2700839951 /* Utilities */,
				86FB455B29BE0AAB00839951 /* Command */,
			);
			path = Classes;
			sourceTree = "<group>";
		};
		86FB454A29BE0A2700839951 /* Utilities */ = {
			isa = PBXGroup;
			children = (
				86FB454E29BE0A4600839951 /* Command Button */,
				86FB454D29BE0A4300839951 /* Command Slider */,
				86FB454B29BE0A3900839951 /* Custom Stack */,
				86FB454C29BE0A4000839951 /* View2Image */,
			);
			path = Utilities;
			sourceTree = "<group>";
		};
		86FB454B29BE0A3900839951 /* Custom Stack */ = {
			isa = PBXGroup;
			children = (
				86FB455529BE0A9A00839951 /* NSMutableArray+Stack.h */,
				86FB455629BE0A9A00839951 /* NSMutableArray+Stack.m */,
			);
			path = "Custom Stack";
			sourceTree = "<group>";
		};
		86FB454C29BE0A4000839951 /* View2Image */ = {
			isa = PBXGroup;
			children = (
				86FB455929BE0AA400839951 /* UIView+UIImage.h */,
				86FB455829BE0AA400839951 /* UIView+UIImage.m */,
			);
			path = View2Image;
			sourceTree = "<group>";
		};
		86FB454D29BE0A4300839951 /* Command Slider */ = {
			isa = PBXGroup;
			children = (
				86FB455229BE0A8F00839951 /* CommandSlider.h */,
				86FB455329BE0A8F00839951 /* CommandSlider.m */,
			);
			path = "Command Slider";
			sourceTree = "<group>";
		};
		86FB454E29BE0A4600839951 /* Command Button */ = {
			isa = PBXGroup;
			children = (
				86FB455029BE0A8300839951 /* CommandBarButton.h */,
				86FB454F29BE0A8300839951 /* CommandBarButton.m */,
			);
			path = "Command Button";
			sourceTree = "<group>";
		};
		86FB455B29BE0AAB00839951 /* Command */ = {
			isa = PBXGroup;
			children = (
				86FB455E29BE0AC300839951 /* Command.h */,
				86FB456129BE0AC300839951 /* Command.m */,
				86FB456729BE0AC400839951 /* DeleteScribbleCommand.h */,
				86FB455C29BE0AC300839951 /* DeleteScribbleCommand.m */,
				86FB456029BE0AC300839951 /* OpenScribbleCommand.h */,
				86FB456329BE0AC300839951 /* OpenScribbleCommand.m */,
				86FB455F29BE0AC300839951 /* SaveScribbleCommand.h */,
				86FB455D29BE0AC300839951 /* SaveScribbleCommand.m */,
				86FB456629BE0AC400839951 /* SetStrokeColorCommand.h */,
				86FB456229BE0AC300839951 /* SetStrokeColorCommand.m */,
				86FB456429BE0AC300839951 /* SetStrokeSizeCommand.h */,
				86FB456529BE0AC400839951 /* SetStrokeSizeCommand.m */,
			);
			path = Command;
			sourceTree = "<group>";
		};
		86FB456E29BE0ACE00839951 /* Mediator */ = {
			isa = PBXGroup;
			children = (
				86FB456F29BE0AF200839951 /* CoordinatingController.h */,
				86FB457029BE0AF200839951 /* CoordinatingController.m */,
			);
			path = Mediator;
			sourceTree = "<group>";
		};
		86FB457229BE0AFD00839951 /* Factory Method */ = {
			isa = PBXGroup;
			children = (
				86FB457629BE0B0400839951 /* CanvasViewGenerator.h */,
				86FB457429BE0B0400839951 /* CanvasViewGenerator.m */,
				86FB457329BE0B0400839951 /* ClothCanvasViewGenerator.h */,
				86FB457829BE0B0500839951 /* ClothCanvasViewGenerator.m */,
				86FB457529BE0B0400839951 /* PaperCanvasViewGenerator.h */,
				86FB457729BE0B0500839951 /* PaperCanvasViewGenerator.m */,
			);
			path = "Factory Method";
			sourceTree = "<group>";
		};
		86FB457C29BE0B1A00839951 /* Iterator */ = {
			isa = PBXGroup;
			children = (
				86FB457F29BE0B2300839951 /* MarkEnumerator.h */,
				86FB457D29BE0B2200839951 /* MarkEnumerator.m */,
				86FB457E29BE0B2300839951 /* MarkEnumerator+Internal.h */,
			);
			path = Iterator;
			sourceTree = "<group>";
		};
		86FB458129BE0B2B00839951 /* Visitor */ = {
			isa = PBXGroup;
			children = (
				86FB458429BE0B3700839951 /* MarkRenderer.h */,
				86FB458229BE0B3700839951 /* MarkRenderer.m */,
				86FB458329BE0B3700839951 /* MarkVisitor.h */,
			);
			path = Visitor;
			sourceTree = "<group>";
		};
		86FB458629BE0B4B00839951 /* Composite Prototype Iterator */ = {
			isa = PBXGroup;
			children = (
				86FB458729BE0B5800839951 /* Dot.h */,
				86FB458A29BE0B5800839951 /* Dot.m */,
				86FB458F29BE0B5800839951 /* Mark.h */,
				86FB458C29BE0B5800839951 /* PrototypeController.h */,
				86FB458B29BE0B5800839951 /* PrototypeController.m */,
				86FB458929BE0B5800839951 /* Stroke.h */,
				86FB458E29BE0B5800839951 /* Stroke.m */,
				86FB458D29BE0B5800839951 /* Vertex.h */,
				86FB458829BE0B5800839951 /* Vertex.m */,
			);
			path = "Composite Prototype Iterator";
			sourceTree = "<group>";
		};
		86FB459429BE0B6500839951 /* Proxy */ = {
			isa = PBXGroup;
			children = (
				86FB459629BE0B7100839951 /* ScribbleSource.h */,
				86FB459929BE0B7100839951 /* ScribbleThumbnailView.h */,
				86FB459529BE0B7100839951 /* ScribbleThumbnailView.m */,
				86FB459729BE0B7100839951 /* ScribbleThumbnailViewImageProxy.h */,
				86FB459829BE0B7100839951 /* ScribbleThumbnailViewImageProxy.m */,
			);
			path = Proxy;
			sourceTree = "<group>";
		};
		86FB459C29BE0B7A00839951 /* Memento Observer */ = {
			isa = PBXGroup;
			children = (
				86FB45A329BE0B8700839951 /* Scribble.h */,
				86FB45A229BE0B8700839951 /* Scribble.m */,
				86FB45A029BE0B8700839951 /* ScribbleManager.h */,
				86FB459E29BE0B8700839951 /* ScribbleManager.m */,
				86FB45A129BE0B8700839951 /* ScribbleMemento.h */,
				86FB459D29BE0B8700839951 /* ScribbleMemento.m */,
				86FB459F29BE0B8700839951 /* ScribbleMemento+Friend.h */,
			);
			path = "Memento Observer";
			sourceTree = "<group>";
		};
		86FB45A729BE0B9200839951 /* Views */ = {
			isa = PBXGroup;
			children = (
				86FB45AB29BE0B9D00839951 /* CanvasView.h */,
				86FB45A929BE0B9D00839951 /* CanvasView.m */,
				86FB45A829BE0B9D00839951 /* ClothCanvasView.h */,
				86FB45AC29BE0B9D00839951 /* ClothCanvasView.m */,
				86FB45AA29BE0B9D00839951 /* PaperCanvasView.h */,
				86FB45AD29BE0B9D00839951 /* PaperCanvasView.m */,
			);
			path = Views;
			sourceTree = "<group>";
		};
		86FB45B129BE0BA300839951 /* View Controllers */ = {
			isa = PBXGroup;
			children = (
				86FB45B429BE0BFA00839951 /* CanvasViewController */,
				86FB45B329BE0BF600839951 /* ThumbnailViewController */,
				86FB45B229BE0BF400839951 /* PaletteViewController */,
			);
			path = "View Controllers";
			sourceTree = "<group>";
		};
		86FB45B229BE0BF400839951 /* PaletteViewController */ = {
			isa = PBXGroup;
			children = (
				86FB45C729BE0C5200839951 /* PaletteViewController.h */,
				86FB45C529BE0C5200839951 /* PaletteViewController.m */,
				86FB45C629BE0C5200839951 /* PaletteViewController.xib */,
			);
			path = PaletteViewController;
			sourceTree = "<group>";
		};
		86FB45B329BE0BF600839951 /* ThumbnailViewController */ = {
			isa = PBXGroup;
			children = (
				86FB45C229BE0C4800839951 /* ThumbnailViewController.h */,
				86FB45C129BE0C4800839951 /* ThumbnailViewController.m */,
				86FB45C029BE0C4800839951 /* ThumbnailViewController.xib */,
				86FB45BA29BE0C2500839951 /* Scribble Thumbnail Cell */,
			);
			path = ThumbnailViewController;
			sourceTree = "<group>";
		};
		86FB45B429BE0BFA00839951 /* CanvasViewController */ = {
			isa = PBXGroup;
			children = (
				86FB45B529BE0C0700839951 /* CanvasViewController.h */,
				86FB45B729BE0C0700839951 /* CanvasViewController.m */,
				86FB45CF29BE1A9C00839951 /* CanvasViewController.xib */,
			);
			path = CanvasViewController;
			sourceTree = "<group>";
		};
		86FB45BA29BE0C2500839951 /* Scribble Thumbnail Cell */ = {
			isa = PBXGroup;
			children = (
				86FB45CB29BE0DB900839951 /* ScribbleThumbnailCell.h */,
				86FB45CA29BE0DB900839951 /* ScribbleThumbnailCell.m */,
			);
			path = "Scribble Thumbnail Cell";
			sourceTree = "<group>";
		};
/* End PBXGroup section */

/* Begin PBXNativeTarget section */
		86FB44BC29BE081C00839951 /* TouchPainter-Arc */ = {
			isa = PBXNativeTarget;
			buildConfigurationList = 86FB44D629BE081D00839951 /* Build configuration list for PBXNativeTarget "TouchPainter-Arc" */;
			buildPhases = (
				86FB44B929BE081C00839951 /* Sources */,
				86FB44BA29BE081C00839951 /* Frameworks */,
				86FB44BB29BE081C00839951 /* Resources */,
			);
			buildRules = (
			);
			dependencies = (
			);
			name = "TouchPainter-Arc";
			productName = "TouchPainter-Arc";
			productReference = 86FB44BD29BE081C00839951 /* TouchPainter-Arc.app */;
			productType = "com.apple.product-type.application";
		};
/* End PBXNativeTarget section */

/* Begin PBXProject section */
		86FB44B529BE081C00839951 /* Project object */ = {
			isa = PBXProject;
			attributes = {
				BuildIndependentTargetsInParallel = 1;
				LastUpgradeCheck = 1420;
				TargetAttributes = {
					86FB44BC29BE081C00839951 = {
						CreatedOnToolsVersion = 14.2;
					};
				};
			};
			buildConfigurationList = 86FB44B829BE081C00839951 /* Build configuration list for PBXProject "TouchPainter-Arc" */;
			compatibilityVersion = "Xcode 14.0";
			developmentRegion = en;
			hasScannedForEncodings = 0;
			knownRegions = (
				en,
				Base,
			);
			mainGroup = 86FB44B429BE081C00839951;
			productRefGroup = 86FB44BE29BE081C00839951 /* Products */;
			projectDirPath = "";
			projectRoot = "";
			targets = (
				86FB44BC29BE081C00839951 /* TouchPainter-Arc */,
			);
		};
/* End PBXProject section */

/* Begin PBXResourcesBuildPhase section */
		86FB44BB29BE081C00839951 /* Resources */ = {
			isa = PBXResourcesBuildPhase;
			buildActionMask = 2147483647;
			files = (
				86FB44D029BE081D00839951 /* LaunchScreen.storyboard in Resources */,
				86FB45D029BE1A9C00839951 /* CanvasViewController.xib in Resources */,
				86FB44CD29BE081D00839951 /* Assets.xcassets in Resources */,
				86FB44CB29BE081C00839951 /* Main.storyboard in Resources */,
				86FB45C929BE0C5200839951 /* PaletteViewController.xib in Resources */,
				86FB45C329BE0C4800839951 /* ThumbnailViewController.xib in Resources */,
			);
			runOnlyForDeploymentPostprocessing = 0;
		};
/* End PBXResourcesBuildPhase section */

/* Begin PBXSourcesBuildPhase section */
		86FB44B929BE081C00839951 /* Sources */ = {
			isa = PBXSourcesBuildPhase;
			buildActionMask = 2147483647;
			files = (
				86FB455729BE0A9A00839951 /* NSMutableArray+Stack.m in Sources */,
				86FB456829BE0AC400839951 /* DeleteScribbleCommand.m in Sources */,
				86FB456C29BE0AC400839951 /* OpenScribbleCommand.m in Sources */,
				86FB457129BE0AF200839951 /* CoordinatingController.m in Sources */,
				86FB45B029BE0B9D00839951 /* PaperCanvasView.m in Sources */,
				86FB456D29BE0AC400839951 /* SetStrokeSizeCommand.m in Sources */,
				86FB458029BE0B2300839951 /* MarkEnumerator.m in Sources */,
				86FB455129BE0A8300839951 /* CommandBarButton.m in Sources */,
				86FB45C829BE0C5200839951 /* PaletteViewController.m in Sources */,
				86FB45AE29BE0B9D00839951 /* CanvasView.m in Sources */,
				86FB455A29BE0AA400839951 /* UIView+UIImage.m in Sources */,
				86FB458529BE0B3700839951 /* MarkRenderer.m in Sources */,
				86FB45B929BE0C0700839951 /* CanvasViewController.m in Sources */,
				86FB459329BE0B5800839951 /* Stroke.m in Sources */,
				86FB459229BE0B5800839951 /* PrototypeController.m in Sources */,
				86FB456929BE0AC400839951 /* SaveScribbleCommand.m in Sources */,
				86FB457B29BE0B0500839951 /* ClothCanvasViewGenerator.m in Sources */,
				86FB459129BE0B5800839951 /* Dot.m in Sources */,
				86FB459A29BE0B7100839951 /* ScribbleThumbnailView.m in Sources */,
				86FB44C229BE081C00839951 /* AppDelegate.m in Sources */,
				86FB457929BE0B0500839951 /* CanvasViewGenerator.m in Sources */,
				86FB457A29BE0B0500839951 /* PaperCanvasViewGenerator.m in Sources */,
				86FB45A429BE0B8700839951 /* ScribbleMemento.m in Sources */,
				86FB45A529BE0B8700839951 /* ScribbleManager.m in Sources */,
				86FB455429BE0A8F00839951 /* CommandSlider.m in Sources */,
				86FB44D329BE081D00839951 /* main.m in Sources */,
				86FB45C429BE0C4800839951 /* ThumbnailViewController.m in Sources */,
				86FB45A629BE0B8700839951 /* Scribble.m in Sources */,
				86FB459029BE0B5800839951 /* Vertex.m in Sources */,
				86FB456B29BE0AC400839951 /* SetStrokeColorCommand.m in Sources */,
				86FB459B29BE0B7100839951 /* ScribbleThumbnailViewImageProxy.m in Sources */,
				86FB456A29BE0AC400839951 /* Command.m in Sources */,
				86FB45CC29BE0DB900839951 /* ScribbleThumbnailCell.m in Sources */,
				86FB45AF29BE0B9D00839951 /* ClothCanvasView.m in Sources */,
			);
			runOnlyForDeploymentPostprocessing = 0;
		};
/* End PBXSourcesBuildPhase section */

/* Begin PBXVariantGroup section */
		86FB44C929BE081C00839951 /* Main.storyboard */ = {
			isa = PBXVariantGroup;
			children = (
				86FB44CA29BE081C00839951 /* Base */,
			);
			name = Main.storyboard;
			sourceTree = "<group>";
		};
		86FB44CE29BE081D00839951 /* LaunchScreen.storyboard */ = {
			isa = PBXVariantGroup;
			children = (
				86FB44CF29BE081D00839951 /* Base */,
			);
			name = LaunchScreen.storyboard;
			sourceTree = "<group>";
		};
/* End PBXVariantGroup section */

/* Begin XCBuildConfiguration section */
		86FB44D429BE081D00839951 /* Debug */ = {
			isa = XCBuildConfiguration;
			buildSettings = {
				ALWAYS_SEARCH_USER_PATHS = NO;
				CLANG_ANALYZER_NONNULL = YES;
				CLANG_ANALYZER_NUMBER_OBJECT_CONVERSION = YES_AGGRESSIVE;
				CLANG_CXX_LANGUAGE_STANDARD = "gnu++20";
				CLANG_ENABLE_MODULES = YES;
				CLANG_ENABLE_OBJC_ARC = YES;
				CLANG_ENABLE_OBJC_WEAK = YES;
				CLANG_WARN_BLOCK_CAPTURE_AUTORELEASING = YES;
				CLANG_WARN_BOOL_CONVERSION = YES;
				CLANG_WARN_COMMA = YES;
				CLANG_WARN_CONSTANT_CONVERSION = YES;
				CLANG_WARN_DEPRECATED_OBJC_IMPLEMENTATIONS = YES;
				CLANG_WARN_DIRECT_OBJC_ISA_USAGE = YES_ERROR;
				CLANG_WARN_DOCUMENTATION_COMMENTS = YES;
				CLANG_WARN_EMPTY_BODY = YES;
				CLANG_WARN_ENUM_CONVERSION = YES;
				CLANG_WARN_INFINITE_RECURSION = YES;
				CLANG_WARN_INT_CONVERSION = YES;
				CLANG_WARN_NON_LITERAL_NULL_CONVERSION = YES;
				CLANG_WARN_OBJC_IMPLICIT_RETAIN_SELF = YES;
				CLANG_WARN_OBJC_LITERAL_CONVERSION = YES;
				CLANG_WARN_OBJC_ROOT_CLASS = YES_ERROR;
				CLANG_WARN_QUOTED_INCLUDE_IN_FRAMEWORK_HEADER = YES;
				CLANG_WARN_RANGE_LOOP_ANALYSIS = YES;
				CLANG_WARN_STRICT_PROTOTYPES = YES;
				CLANG_WARN_SUSPICIOUS_MOVE = YES;
				CLANG_WARN_UNGUARDED_AVAILABILITY = YES_AGGRESSIVE;
				CLANG_WARN_UNREACHABLE_CODE = YES;
				CLANG_WARN__DUPLICATE_METHOD_MATCH = YES;
				COPY_PHASE_STRIP = NO;
				DEBUG_INFORMATION_FORMAT = dwarf;
				ENABLE_STRICT_OBJC_MSGSEND = YES;
				ENABLE_TESTABILITY = YES;
				GCC_C_LANGUAGE_STANDARD = gnu11;
				GCC_DYNAMIC_NO_PIC = NO;
				GCC_NO_COMMON_BLOCKS = YES;
				GCC_OPTIMIZATION_LEVEL = 0;
				GCC_PREPROCESSOR_DEFINITIONS = (
					"DEBUG=1",
					"$(inherited)",
				);
				GCC_WARN_64_TO_32_BIT_CONVERSION = YES;
				GCC_WARN_ABOUT_RETURN_TYPE = YES_ERROR;
				GCC_WARN_UNDECLARED_SELECTOR = YES;
				GCC_WARN_UNINITIALIZED_AUTOS = YES_AGGRESSIVE;
				GCC_WARN_UNUSED_FUNCTION = YES;
				GCC_WARN_UNUSED_VARIABLE = YES;
				IPHONEOS_DEPLOYMENT_TARGET = 16.2;
				MTL_ENABLE_DEBUG_INFO = INCLUDE_SOURCE;
				MTL_FAST_MATH = YES;
				ONLY_ACTIVE_ARCH = YES;
				SDKROOT = iphoneos;
			};
			name = Debug;
		};
		86FB44D529BE081D00839951 /* Release */ = {
			isa = XCBuildConfiguration;
			buildSettings = {
				ALWAYS_SEARCH_USER_PATHS = NO;
				CLANG_ANALYZER_NONNULL = YES;
				CLANG_ANALYZER_NUMBER_OBJECT_CONVERSION = YES_AGGRESSIVE;
				CLANG_CXX_LANGUAGE_STANDARD = "gnu++20";
				CLANG_ENABLE_MODULES = YES;
				CLANG_ENABLE_OBJC_ARC = YES;
				CLANG_ENABLE_OBJC_WEAK = YES;
				CLANG_WARN_BLOCK_CAPTURE_AUTORELEASING = YES;
				CLANG_WARN_BOOL_CONVERSION = YES;
				CLANG_WARN_COMMA = YES;
				CLANG_WARN_CONSTANT_CONVERSION = YES;
				CLANG_WARN_DEPRECATED_OBJC_IMPLEMENTATIONS = YES;
				CLANG_WARN_DIRECT_OBJC_ISA_USAGE = YES_ERROR;
				CLANG_WARN_DOCUMENTATION_COMMENTS = YES;
				CLANG_WARN_EMPTY_BODY = YES;
				CLANG_WARN_ENUM_CONVERSION = YES;
				CLANG_WARN_INFINITE_RECURSION = YES;
				CLANG_WARN_INT_CONVERSION = YES;
				CLANG_WARN_NON_LITERAL_NULL_CONVERSION = YES;
				CLANG_WARN_OBJC_IMPLICIT_RETAIN_SELF = YES;
				CLANG_WARN_OBJC_LITERAL_CONVERSION = YES;
				CLANG_WARN_OBJC_ROOT_CLASS = YES_ERROR;
				CLANG_WARN_QUOTED_INCLUDE_IN_FRAMEWORK_HEADER = YES;
				CLANG_WARN_RANGE_LOOP_ANALYSIS = YES;
				CLANG_WARN_STRICT_PROTOTYPES = YES;
				CLANG_WARN_SUSPICIOUS_MOVE = YES;
				CLANG_WARN_UNGUARDED_AVAILABILITY = YES_AGGRESSIVE;
				CLANG_WARN_UNREACHABLE_CODE = YES;
				CLANG_WARN__DUPLICATE_METHOD_MATCH = YES;
				COPY_PHASE_STRIP = NO;
				DEBUG_INFORMATION_FORMAT = "dwarf-with-dsym";
				ENABLE_NS_ASSERTIONS = NO;
				ENABLE_STRICT_OBJC_MSGSEND = YES;
				GCC_C_LANGUAGE_STANDARD = gnu11;
				GCC_NO_COMMON_BLOCKS = YES;
				GCC_WARN_64_TO_32_BIT_CONVERSION = YES;
				GCC_WARN_ABOUT_RETURN_TYPE = YES_ERROR;
				GCC_WARN_UNDECLARED_SELECTOR = YES;
				GCC_WARN_UNINITIALIZED_AUTOS = YES_AGGRESSIVE;
				GCC_WARN_UNUSED_FUNCTION = YES;
				GCC_WARN_UNUSED_VARIABLE = YES;
				IPHONEOS_DEPLOYMENT_TARGET = 16.2;
				MTL_ENABLE_DEBUG_INFO = NO;
				MTL_FAST_MATH = YES;
				SDKROOT = iphoneos;
				VALIDATE_PRODUCT = YES;
			};
			name = Release;
		};
		86FB44D729BE081D00839951 /* Debug */ = {
			isa = XCBuildConfiguration;
			buildSettings = {
				ASSETCATALOG_COMPILER_APPICON_NAME = AppIcon;
				ASSETCATALOG_COMPILER_GLOBAL_ACCENT_COLOR_NAME = AccentColor;
				CODE_SIGN_STYLE = Automatic;
				CURRENT_PROJECT_VERSION = 1;
				DEVELOPMENT_TEAM = C6T93NC4DJ;
				GENERATE_INFOPLIST_FILE = YES;
				INFOPLIST_FILE = "TouchPainter-Arc/Info.plist";
				INFOPLIST_KEY_UIApplicationSupportsIndirectInputEvents = YES;
				INFOPLIST_KEY_UILaunchStoryboardName = LaunchScreen.storyboard;
				INFOPLIST_KEY_UIMainStoryboardFile = Main;
				INFOPLIST_KEY_UISupportedInterfaceOrientations_iPad = "UIInterfaceOrientationPortrait UIInterfaceOrientationPortraitUpsideDown UIInterfaceOrientationLandscapeLeft UIInterfaceOrientationLandscapeRight";
				INFOPLIST_KEY_UISupportedInterfaceOrientations_iPhone = "UIInterfaceOrientationPortrait UIInterfaceOrientationLandscapeLeft UIInterfaceOrientationLandscapeRight";
				LD_RUNPATH_SEARCH_PATHS = (
					"$(inherited)",
					"@executable_path/Frameworks",
				);
				MARKETING_VERSION = 1.0;
				PRODUCT_BUNDLE_IDENTIFIER = "com.yxibng.TouchPainter-Arc";
				PRODUCT_NAME = "$(TARGET_NAME)";
				SWIFT_EMIT_LOC_STRINGS = YES;
				TARGETED_DEVICE_FAMILY = "1,2";
			};
			name = Debug;
		};
		86FB44D829BE081D00839951 /* Release */ = {
			isa = XCBuildConfiguration;
			buildSettings = {
				ASSETCATALOG_COMPILER_APPICON_NAME = AppIcon;
				ASSETCATALOG_COMPILER_GLOBAL_ACCENT_COLOR_NAME = AccentColor;
				CODE_SIGN_STYLE = Automatic;
				CURRENT_PROJECT_VERSION = 1;
				DEVELOPMENT_TEAM = C6T93NC4DJ;
				GENERATE_INFOPLIST_FILE = YES;
				INFOPLIST_FILE = "TouchPainter-Arc/Info.plist";
				INFOPLIST_KEY_UIApplicationSupportsIndirectInputEvents = YES;
				INFOPLIST_KEY_UILaunchStoryboardName = LaunchScreen.storyboard;
				INFOPLIST_KEY_UIMainStoryboardFile = Main;
				INFOPLIST_KEY_UISupportedInterfaceOrientations_iPad = "UIInterfaceOrientationPortrait UIInterfaceOrientationPortraitUpsideDown UIInterfaceOrientationLandscapeLeft UIInterfaceOrientationLandscapeRight";
				INFOPLIST_KEY_UISupportedInterfaceOrientations_iPhone = "UIInterfaceOrientationPortrait UIInterfaceOrientationLandscapeLeft UIInterfaceOrientationLandscapeRight";
				LD_RUNPATH_SEARCH_PATHS = (
					"$(inherited)",
					"@executable_path/Frameworks",
				);
				MARKETING_VERSION = 1.0;
				PRODUCT_BUNDLE_IDENTIFIER = "com.yxibng.TouchPainter-Arc";
				PRODUCT_NAME = "$(TARGET_NAME)";
				SWIFT_EMIT_LOC_STRINGS = YES;
				TARGETED_DEVICE_FAMILY = "1,2";
			};
			name = Release;
		};
/* End XCBuildConfiguration section */

/* Begin XCConfigurationList section */
		86FB44B829BE081C00839951 /* Build configuration list for PBXProject "TouchPainter-Arc" */ = {
			isa = XCConfigurationList;
			buildConfigurations = (
				86FB44D429BE081D00839951 /* Debug */,
				86FB44D529BE081D00839951 /* Release */,
			);
			defaultConfigurationIsVisible = 0;
			defaultConfigurationName = Release;
		};
		86FB44D629BE081D00839951 /* Build configuration list for PBXNativeTarget "TouchPainter-Arc" */ = {
			isa = XCConfigurationList;
			buildConfigurations = (
				86FB44D729BE081D00839951 /* Debug */,
				86FB44D829BE081D00839951 /* Release */,
			);
			defaultConfigurationIsVisible = 0;
			defaultConfigurationName = Release;
		};
/* End XCConfigurationList section */
	};
	rootObject = 86FB44B529BE081C00839951 /* Project object */;
}
